
Microsoft Visual Studio Solution File, Format Version 12.00
# Visual Studio Version 17
VisualStudioVersion = 17.14.36221.1 d17.14
MinimumVisualStudioVersion = 10.0.40219.1
Project("{888888A0-9F3D-457C-B088-3A5042F75D52}") = "RandomPitchPlayer", "RandomPitchPlayer\RandomPitchPlayer.pyproj", "{8F1A03CE-1B2F-4DEA-85CF-411A7F19C73A}"
EndProject
Global
	GlobalSection(SolutionConfigurationPlatforms) = preSolution
		Debug|Any CPU = Debug|Any CPU
		Release|Any CPU = Release|Any CPU
	EndGlobalSection
	GlobalSection(ProjectConfigurationPlatforms) = postSolution
		{8F1A03CE-1B2F-4DEA-85CF-411A7F19C73A}.Debug|Any CPU.ActiveCfg = Debug|Any CPU
		{8F1A03CE-1B2F-4DEA-85CF-411A7F19C73A}.Release|Any CPU.ActiveCfg = Release|Any CPU
	EndGlobalSection
	GlobalSection(SolutionProperties) = preSolution
		HideSolutionNode = FALSE
	EndGlobalSection
	GlobalSection(ExtensibilityGlobals) = postSolution
		SolutionGuid = {B935BB9A-B06B-44D8-BCDE-E1177F9F400C}
	EndGlobalSection
EndGlobal
